
Microsoft Visual Studio Solution File, Format Version 12.00
# Visual Studio 14
VisualStudioVersion = 14.0.25420.1
MinimumVisualStudioVersion = 10.0.40219.1
Project("{8BC9CEB8-8B4A-11D0-8D11-00A0C91BC942}") = "cuda", "cuda\cuda.vcxproj", "{A91FC659-D633-4320-A4A1-7E7E601C25C5}"
EndProject
Project("{8BC9CEB8-8B4A-11D0-8D11-00A0C91BC942}") = "volumeRender", "volumeRender\volumeRender_vs2015.vcxproj", "{4ECFBB62-24A3-4956-A03A-30B11DB61A2E}"
EndProject
Project("{8BC9CEB8-8B4A-11D0-8D11-00A0C91BC942}") = "volumeFiltering", "volumeFiltering\volumeFiltering.vcxproj", "{666BB357-30E4-44A5-8E2E-CCDA61BB1652}"
EndProject
Project("{8BC9CEB8-8B4A-11D0-8D11-00A0C91BC942}") = "histogram", "histogram\histogram_vs2015.vcxproj", "{997E0757-EA74-4A4E-A0FC-47D8C8831A15}"
EndProject
Project("{8BC9CEB8-8B4A-11D0-8D11-00A0C91BC942}") = "flashlight", "flashlight\flashlight.vcxproj", "{1D69668D-ED29-403B-82AD-1F710ECEACFB}"
EndProject
Project("{8BC9CEB8-8B4A-11D0-8D11-00A0C91BC942}") = "QtGuiApplication1", "QtGuiApplication1\QtGuiApplication1.vcxproj", "{B12702AD-ABFB-343A-A199-8E24837244A3}"
EndProject
Global
	GlobalSection(SolutionConfigurationPlatforms) = preSolution
		Debug|x64 = Debug|x64
		Debug|x86 = Debug|x86
		Release|x64 = Release|x64
		Release|x86 = Release|x86
	EndGlobalSection
	GlobalSection(ProjectConfigurationPlatforms) = postSolution
		{A91FC659-D633-4320-A4A1-7E7E601C25C5}.Debug|x64.ActiveCfg = Debug|x64
		{A91FC659-D633-4320-A4A1-7E7E601C25C5}.Debug|x64.Build.0 = Debug|x64
		{A91FC659-D633-4320-A4A1-7E7E601C25C5}.Debug|x86.ActiveCfg = Debug|x64
		{A91FC659-D633-4320-A4A1-7E7E601C25C5}.Release|x64.ActiveCfg = Release|x64
		{A91FC659-D633-4320-A4A1-7E7E601C25C5}.Release|x64.Build.0 = Release|x64
		{A91FC659-D633-4320-A4A1-7E7E601C25C5}.Release|x86.ActiveCfg = Release|x64
		{4ECFBB62-24A3-4956-A03A-30B11DB61A2E}.Debug|x64.ActiveCfg = Debug|x64
		{4ECFBB62-24A3-4956-A03A-30B11DB61A2E}.Debug|x64.Build.0 = Debug|x64
		{4ECFBB62-24A3-4956-A03A-30B11DB61A2E}.Debug|x86.ActiveCfg = Debug|x64
		{4ECFBB62-24A3-4956-A03A-30B11DB61A2E}.Release|x64.ActiveCfg = Release|x64
		{4ECFBB62-24A3-4956-A03A-30B11DB61A2E}.Release|x64.Build.0 = Release|x64
		{4ECFBB62-24A3-4956-A03A-30B11DB61A2E}.Release|x86.ActiveCfg = Release|x64
		{666BB357-30E4-44A5-8E2E-CCDA61BB1652}.Debug|x64.ActiveCfg = Debug|x64
		{666BB357-30E4-44A5-8E2E-CCDA61BB1652}.Debug|x64.Build.0 = Debug|x64
		{666BB357-30E4-44A5-8E2E-CCDA61BB1652}.Debug|x86.ActiveCfg = Debug|x64
		{666BB357-30E4-44A5-8E2E-CCDA61BB1652}.Release|x64.ActiveCfg = Release|x64
		{666BB357-30E4-44A5-8E2E-CCDA61BB1652}.Release|x64.Build.0 = Release|x64
		{666BB357-30E4-44A5-8E2E-CCDA61BB1652}.Release|x86.ActiveCfg = Release|x64
		{997E0757-EA74-4A4E-A0FC-47D8C8831A15}.Debug|x64.ActiveCfg = Debug|x64
		{997E0757-EA74-4A4E-A0FC-47D8C8831A15}.Debug|x64.Build.0 = Debug|x64
		{997E0757-EA74-4A4E-A0FC-47D8C8831A15}.Debug|x86.ActiveCfg = Debug|x64
		{997E0757-EA74-4A4E-A0FC-47D8C8831A15}.Release|x64.ActiveCfg = Release|x64
		{997E0757-EA74-4A4E-A0FC-47D8C8831A15}.Release|x64.Build.0 = Release|x64
		{997E0757-EA74-4A4E-A0FC-47D8C8831A15}.Release|x86.ActiveCfg = Release|x64
		{1D69668D-ED29-403B-82AD-1F710ECEACFB}.Debug|x64.ActiveCfg = Debug|x64
		{1D69668D-ED29-403B-82AD-1F710ECEACFB}.Debug|x64.Build.0 = Debug|x64
		{1D69668D-ED29-403B-82AD-1F710ECEACFB}.Debug|x86.ActiveCfg = Debug|x64
		{1D69668D-ED29-403B-82AD-1F710ECEACFB}.Release|x64.ActiveCfg = Release|x64
		{1D69668D-ED29-403B-82AD-1F710ECEACFB}.Release|x64.Build.0 = Release|x64
		{1D69668D-ED29-403B-82AD-1F710ECEACFB}.Release|x86.ActiveCfg = Release|x64
		{B12702AD-ABFB-343A-A199-8E24837244A3}.Debug|x64.ActiveCfg = Debug|Win32
		{B12702AD-ABFB-343A-A199-8E24837244A3}.Debug|x86.ActiveCfg = Debug|Win32
		{B12702AD-ABFB-343A-A199-8E24837244A3}.Debug|x86.Build.0 = Debug|Win32
		{B12702AD-ABFB-343A-A199-8E24837244A3}.Release|x64.ActiveCfg = Release|Win32
		{B12702AD-ABFB-343A-A199-8E24837244A3}.Release|x86.ActiveCfg = Release|Win32
		{B12702AD-ABFB-343A-A199-8E24837244A3}.Release|x86.Build.0 = Release|Win32
	EndGlobalSection
	GlobalSection(SolutionProperties) = preSolution
		HideSolutionNode = FALSE
	EndGlobalSection
EndGlobal
